
Microsoft Visual Studio Solution File, Format Version 11.00
# Visual Studio 2010
Project("{8BC9CEB8-8B4A-11D0-8D11-00A0C91BC942}") = "OpenLabel", "OpenLabel\OpenLabel.vcxproj", "{BC6CD2F5-74FD-44A4-A48E-24802EB54808}"
EndProject
Global
	GlobalSection(SolutionConfigurationPlatforms) = preSolution
		Debug|Win32 = Debug|Win32
		Release|Win32 = Release|Win32
	EndGlobalSection
	GlobalSection(ProjectConfigurationPlatforms) = postSolution
		{BC6CD2F5-74FD-44A4-A48E-24802EB54808}.Debug|Win32.ActiveCfg = Debug|Win32
		{BC6CD2F5-74FD-44A4-A48E-24802EB54808}.Debug|Win32.Build.0 = Debug|Win32
		{BC6CD2F5-74FD-44A4-A48E-24802EB54808}.Release|Win32.ActiveCfg = Release|Win32
		{BC6CD2F5-74FD-44A4-A48E-24802EB54808}.Release|Win32.Build.0 = Release|Win32
	EndGlobalSection
	GlobalSection(SolutionProperties) = preSolution
		HideSolutionNode = FALSE
	EndGlobalSection
EndGlobal
